# THIS IS AN AUTOGENERATED FILE. DO NOT EDIT THIS FILE DIRECTLY.
# yarn lockfile v1


"@emnapi/core@^0.45.0":
  version "0.45.0"
  resolved "https://registry.yarnpkg.com/@emnapi/core/-/core-0.45.0.tgz#e58dc1f70ab3af3f6708991ba56d988088daf204"
  integrity sha512-DPWjcUDQkCeEM4VnljEOEcXdAD7pp8zSZsgOujk/LGIwCXWbXJngin+MO4zbH429lzeC3WbYLGjE2MaUOwzpyw==
  dependencies:
    tslib "^2.4.0"

"@emnapi/runtime@^0.45.0":
  version "0.45.0"
  resolved "https://registry.yarnpkg.com/@emnapi/runtime/-/runtime-0.45.0.tgz#e754de04c683263f34fd0c7f32adfe718bbe4ddd"
  integrity sha512-Txumi3td7J4A/xTTwlssKieHKTGl3j4A1tglBx72auZ49YK7ePY6XZricgIg9mnZT4xPfA+UPCUdnhRuEFDL+w==
  dependencies:
    tslib "^2.4.0"

"@lucia-auth/adapter-sqlite@^3.0.1":
  version "3.0.1"
  resolved "https://registry.yarnpkg.com/@lucia-auth/adapter-sqlite/-/adapter-sqlite-3.0.1.tgz#cf44d4bce322d2b91dfa8ecc286d3e4043536b23"
  integrity sha512-bzr8+HALrbiYMb/+oL1SAnjbgFqlPs/Kj4lO57t/VvbXzmbpQEKk5Nv6hMpvWSkGAR9LbxYeQAtecikpKZVB0w==

"@next/env@14.2.3":
  version "14.2.3"
  resolved "https://registry.yarnpkg.com/@next/env/-/env-14.2.3.tgz#d6def29d1c763c0afb397343a15a82e7d92353a0"
  integrity sha512-W7fd7IbkfmeeY2gXrzJYDx8D2lWKbVoTIj1o1ScPHNzvp30s1AuoEFSdr39bC5sjxJaxTtq3OTCZboNp0lNWHA==

"@next/swc-darwin-arm64@14.2.3":
  version "14.2.3"
  resolved "https://registry.yarnpkg.com/@next/swc-darwin-arm64/-/swc-darwin-arm64-14.2.3.tgz#db1a05eb88c0224089b815ad10ac128ec79c2cdb"
  integrity sha512-3pEYo/RaGqPP0YzwnlmPN2puaF2WMLM3apt5jLW2fFdXD9+pqcoTzRk+iZsf8ta7+quAe4Q6Ms0nR0SFGFdS1A==

"@next/swc-darwin-x64@14.2.3":
  version "14.2.3"
  resolved "https://registry.yarnpkg.com/@next/swc-darwin-x64/-/swc-darwin-x64-14.2.3.tgz#a3f8af05b5f9a52ac3082e66ac29e125ab1d7b9c"
  integrity sha512-6adp7waE6P1TYFSXpY366xwsOnEXM+y1kgRpjSRVI2CBDOcbRjsJ67Z6EgKIqWIue52d2q/Mx8g9MszARj8IEA==

"@next/swc-linux-arm64-gnu@14.2.3":
  version "14.2.3"
  resolved "https://registry.yarnpkg.com/@next/swc-linux-arm64-gnu/-/swc-linux-arm64-gnu-14.2.3.tgz#4e63f43879285b52554bfd39e6e0cc78a9b27bbf"
  integrity sha512-cuzCE/1G0ZSnTAHJPUT1rPgQx1w5tzSX7POXSLaS7w2nIUJUD+e25QoXD/hMfxbsT9rslEXugWypJMILBj/QsA==

"@next/swc-linux-arm64-musl@14.2.3":
  version "14.2.3"
  resolved "https://registry.yarnpkg.com/@next/swc-linux-arm64-musl/-/swc-linux-arm64-musl-14.2.3.tgz#ebdaed26214448b1e6f2c3e8b3cd29bfba387990"
  integrity sha512-0D4/oMM2Y9Ta3nGuCcQN8jjJjmDPYpHX9OJzqk42NZGJocU2MqhBq5tWkJrUQOQY9N+In9xOdymzapM09GeiZw==

"@next/swc-linux-x64-gnu@14.2.3":
  version "14.2.3"
  resolved "https://registry.yarnpkg.com/@next/swc-linux-x64-gnu/-/swc-linux-x64-gnu-14.2.3.tgz#19e3bcc137c3b582a1ab867106817e5c90a20593"
  integrity sha512-ENPiNnBNDInBLyUU5ii8PMQh+4XLr4pG51tOp6aJ9xqFQ2iRI6IH0Ds2yJkAzNV1CfyagcyzPfROMViS2wOZ9w==

"@next/swc-linux-x64-musl@14.2.3":
  version "14.2.3"
  resolved "https://registry.yarnpkg.com/@next/swc-linux-x64-musl/-/swc-linux-x64-musl-14.2.3.tgz#794a539b98e064169cf0ff7741b2a4fb16adec7d"
  integrity sha512-BTAbq0LnCbF5MtoM7I/9UeUu/8ZBY0i8SFjUMCbPDOLv+un67e2JgyN4pmgfXBwy/I+RHu8q+k+MCkDN6P9ViQ==

"@next/swc-win32-arm64-msvc@14.2.3":
  version "14.2.3"
  resolved "https://registry.yarnpkg.com/@next/swc-win32-arm64-msvc/-/swc-win32-arm64-msvc-14.2.3.tgz#eda9fa0fbf1ff9113e87ac2668ee67ce9e5add5a"
  integrity sha512-AEHIw/dhAMLNFJFJIJIyOFDzrzI5bAjI9J26gbO5xhAKHYTZ9Or04BesFPXiAYXDNdrwTP2dQceYA4dL1geu8A==

"@next/swc-win32-ia32-msvc@14.2.3":
  version "14.2.3"
  resolved "https://registry.yarnpkg.com/@next/swc-win32-ia32-msvc/-/swc-win32-ia32-msvc-14.2.3.tgz#7c1190e3f640ab16580c6bdbd7d0e766b9920457"
  integrity sha512-vga40n1q6aYb0CLrM+eEmisfKCR45ixQYXuBXxOOmmoV8sYST9k7E3US32FsY+CkkF7NtzdcebiFT4CHuMSyZw==

"@next/swc-win32-x64-msvc@14.2.3":
  version "14.2.3"
  resolved "https://registry.yarnpkg.com/@next/swc-win32-x64-msvc/-/swc-win32-x64-msvc-14.2.3.tgz#2be4e39ee25bfbd85be78eea17c0e7751dc4323c"
  integrity sha512-Q1/zm43RWynxrO7lW4ehciQVj+5ePBhOK+/K2P7pLFX3JaJ/IZVC69SHidrmZSOkqz7ECIOhhy7XhAFG4JYyHA==

"@node-rs/argon2-android-arm-eabi@1.7.0":
  version "1.7.0"
  resolved "https://registry.yarnpkg.com/@node-rs/argon2-android-arm-eabi/-/argon2-android-arm-eabi-1.7.0.tgz#9de6d4519e7b757d0e3480d4b108fd0d698be332"
  integrity sha512-udDqkr5P9E+wYX1SZwAVPdyfYvaF4ry9Tm+R9LkfSHbzWH0uhU6zjIwNRp7m+n4gx691rk+lqqDAIP8RLKwbhg==

"@node-rs/argon2-android-arm64@1.7.0":
  version "1.7.0"
  resolved "https://registry.yarnpkg.com/@node-rs/argon2-android-arm64/-/argon2-android-arm64-1.7.0.tgz#9e0d65e64002537f7145006d103582eceb87a8e3"
  integrity sha512-s9j/G30xKUx8WU50WIhF0fIl1EdhBGq0RQ06lEhZ0Gi0ap8lhqbE2Bn5h3/G2D1k0Dx+yjeVVNmt/xOQIRG38A==

"@node-rs/argon2-darwin-arm64@1.7.0":
  version "1.7.0"
  resolved "https://registry.yarnpkg.com/@node-rs/argon2-darwin-arm64/-/argon2-darwin-arm64-1.7.0.tgz#1d8f8d7a637313cf3b74ec81f8e21f6555d681b4"
  integrity sha512-ZIz4L6HGOB9U1kW23g+m7anGNuTZ0RuTw0vNp3o+2DWpb8u8rODq6A8tH4JRL79S+Co/Nq608m9uackN2pe0Rw==

"@node-rs/argon2-darwin-x64@1.7.0":
  version "1.7.0"
  resolved "https://registry.yarnpkg.com/@node-rs/argon2-darwin-x64/-/argon2-darwin-x64-1.7.0.tgz#2a63cffbd4212d40242f65d7c140cae16ba7ca24"
  integrity sha512-5oi/pxqVhODW/pj1+3zElMTn/YukQeywPHHYDbcAW3KsojFjKySfhcJMd1DjKTc+CHQI+4lOxZzSUzK7mI14Hw==

"@node-rs/argon2-freebsd-x64@1.7.0":
  version "1.7.0"
  resolved "https://registry.yarnpkg.com/@node-rs/argon2-freebsd-x64/-/argon2-freebsd-x64-1.7.0.tgz#637b15bada735c47e57ad5d6403f70083ae6c104"
  integrity sha512-Ify08683hA4QVXYoIm5SUWOY5DPIT/CMB0CQT+IdxQAg/F+qp342+lUkeAtD5bvStQuCx/dFO3bnnzoe2clMhA==

"@node-rs/argon2-linux-arm-gnueabihf@1.7.0":
  version "1.7.0"
  resolved "https://registry.yarnpkg.com/@node-rs/argon2-linux-arm-gnueabihf/-/argon2-linux-arm-gnueabihf-1.7.0.tgz#fe6d43cb9c9e43788dfb6bb76c78736cc5b6f717"
  integrity sha512-7DjDZ1h5AUHAtRNjD19RnQatbhL+uuxBASuuXIBu4/w6Dx8n7YPxwTP4MXfsvuRgKuMWiOb/Ub/HJ3kXVCXRkg==

"@node-rs/argon2-linux-arm64-gnu@1.7.0":
  version "1.7.0"
  resolved "https://registry.yarnpkg.com/@node-rs/argon2-linux-arm64-gnu/-/argon2-linux-arm64-gnu-1.7.0.tgz#f5e3f5a9dd2d55fe3dd9816e0581e99a1abe1698"
  integrity sha512-nJDoMP4Y3YcqGswE4DvP080w6O24RmnFEDnL0emdI8Nou17kNYBzP2546Nasx9GCyLzRcYQwZOUjrtUuQ+od2g==

"@node-rs/argon2-linux-arm64-musl@1.7.0":
  version "1.7.0"
  resolved "https://registry.yarnpkg.com/@node-rs/argon2-linux-arm64-musl/-/argon2-linux-arm64-musl-1.7.0.tgz#0e57f0d6ba78d3fd683583cffe5ec00b2e422ae5"
  integrity sha512-BKWS8iVconhE3jrb9mj6t1J9vwUqQPpzCbUKxfTGJfc+kNL58F1SXHBoe2cDYGnHrFEHTY0YochzXoAfm4Dm/A==

"@node-rs/argon2-linux-x64-gnu@1.7.0":
  version "1.7.0"
  resolved "https://registry.yarnpkg.com/@node-rs/argon2-linux-x64-gnu/-/argon2-linux-x64-gnu-1.7.0.tgz#d72bd52c970fe120b97ddb4a1f7719ccacf47c4a"
  integrity sha512-EmgqZOlf4Jurk/szW1iTsVISx25bKksVC5uttJDUloTgsAgIGReCpUUO1R24pBhu9ESJa47iv8NSf3yAfGv6jQ==

"@node-rs/argon2-linux-x64-musl@1.7.0":
  version "1.7.0"
  resolved "https://registry.yarnpkg.com/@node-rs/argon2-linux-x64-musl/-/argon2-linux-x64-musl-1.7.0.tgz#850b4fa411bd005d6815228d4495075434f46a5d"
  integrity sha512-/o1efYCYIxjfuoRYyBTi2Iy+1iFfhqHCvvVsnjNSgO1xWiWrX0Rrt/xXW5Zsl7vS2Y+yu8PL8KFWRzZhaVxfKA==

"@node-rs/argon2-wasm32-wasi@1.7.0":
  version "1.7.0"
  resolved "https://registry.yarnpkg.com/@node-rs/argon2-wasm32-wasi/-/argon2-wasm32-wasi-1.7.0.tgz#83b361b9e2ece101288306606fa883c2cba87e7d"
  integrity sha512-Evmk9VcxqnuwQftfAfYEr6YZYSPLzmKUsbFIMep5nTt9PT4XYRFAERj7wNYp+rOcBenF3X4xoB+LhwcOMTNE5w==
  dependencies:
    "@emnapi/core" "^0.45.0"
    "@emnapi/runtime" "^0.45.0"
    "@tybys/wasm-util" "^0.8.1"
    memfs-browser "^3.4.13000"

"@node-rs/argon2-win32-arm64-msvc@1.7.0":
  version "1.7.0"
  resolved "https://registry.yarnpkg.com/@node-rs/argon2-win32-arm64-msvc/-/argon2-win32-arm64-msvc-1.7.0.tgz#7a6dc4d456c94cd2bdaa720e11dd325e158fb3dd"
  integrity sha512-qgsU7T004COWWpSA0tppDqDxbPLgg8FaU09krIJ7FBl71Sz8SFO40h7fDIjfbTT5w7u6mcaINMQ5bSHu75PCaA==

"@node-rs/argon2-win32-ia32-msvc@1.7.0":
  version "1.7.0"
  resolved "https://registry.yarnpkg.com/@node-rs/argon2-win32-ia32-msvc/-/argon2-win32-ia32-msvc-1.7.0.tgz#8405f226b06354915ae10f919c54d0883f2fb632"
  integrity sha512-JGafwWYQ/HpZ3XSwP4adQ6W41pRvhcdXvpzIWtKvX+17+xEXAe2nmGWM6s27pVkg1iV2ZtoYLRDkOUoGqZkCcg==

"@node-rs/argon2-win32-x64-msvc@1.7.0":
  version "1.7.0"
  resolved "https://registry.yarnpkg.com/@node-rs/argon2-win32-x64-msvc/-/argon2-win32-x64-msvc-1.7.0.tgz#3983e08350dacfb30697923faf1ce34243e11c86"
  integrity sha512-9oq4ShyFakw8AG3mRls0AoCpxBFcimYx7+jvXeAf2OqKNO+mSA6eZ9z7KQeVCi0+SOEUYxMGf5UiGiDb9R6+9Q==

"@node-rs/argon2@1.7.0":
  version "1.7.0"
  resolved "https://registry.yarnpkg.com/@node-rs/argon2/-/argon2-1.7.0.tgz#80f3fdd7c5643b763a98bd0f5a2f2f975bcd95e5"
  integrity sha512-zfULc+/tmcWcxn+nHkbyY8vP3+MpEqKORbszt4UkpqZgBgDAAIYvuDN/zukfTgdmo6tmJKKVfzigZOPk4LlIog==
  optionalDependencies:
    "@node-rs/argon2-android-arm-eabi" "1.7.0"
    "@node-rs/argon2-android-arm64" "1.7.0"
    "@node-rs/argon2-darwin-arm64" "1.7.0"
    "@node-rs/argon2-darwin-x64" "1.7.0"
    "@node-rs/argon2-freebsd-x64" "1.7.0"
    "@node-rs/argon2-linux-arm-gnueabihf" "1.7.0"
    "@node-rs/argon2-linux-arm64-gnu" "1.7.0"
    "@node-rs/argon2-linux-arm64-musl" "1.7.0"
    "@node-rs/argon2-linux-x64-gnu" "1.7.0"
    "@node-rs/argon2-linux-x64-musl" "1.7.0"
    "@node-rs/argon2-wasm32-wasi" "1.7.0"
    "@node-rs/argon2-win32-arm64-msvc" "1.7.0"
    "@node-rs/argon2-win32-ia32-msvc" "1.7.0"
    "@node-rs/argon2-win32-x64-msvc" "1.7.0"

"@node-rs/bcrypt-android-arm-eabi@1.9.0":
  version "1.9.0"
  resolved "https://registry.yarnpkg.com/@node-rs/bcrypt-android-arm-eabi/-/bcrypt-android-arm-eabi-1.9.0.tgz#d31dab5aa9bb70a5fa09e30f101f3a997eb84a28"
  integrity sha512-nOCFISGtnodGHNiLrG0WYLWr81qQzZKYfmwHc7muUeq+KY0sQXyHOwZk9OuNQAWv/lnntmtbwkwT0QNEmOyLvA==

"@node-rs/bcrypt-android-arm64@1.9.0":
  version "1.9.0"
  resolved "https://registry.yarnpkg.com/@node-rs/bcrypt-android-arm64/-/bcrypt-android-arm64-1.9.0.tgz#0e1c7345460eb413484509b58d691f3152e1505f"
  integrity sha512-+ZrIAtigVmjYkqZQTThHVlz0+TG6D+GDHWhVKvR2DifjtqJ0i+mb9gjo++hN+fWEQdWNGxKCiBBjwgT4EcXd6A==

"@node-rs/bcrypt-darwin-arm64@1.9.0":
  version "1.9.0"
  resolved "https://registry.yarnpkg.com/@node-rs/bcrypt-darwin-arm64/-/bcrypt-darwin-arm64-1.9.0.tgz#b11d643b0031453670918b6168f0762fd56dd244"
  integrity sha512-CQiS+F9Pa0XozvkXR1g7uXE9QvBOPOplDg0iCCPRYTN9PqA5qYxhwe48G3o+v2UeQceNRrbnEtWuANm7JRqIhw==

"@node-rs/bcrypt-darwin-x64@1.9.0":
  version "1.9.0"
  resolved "https://registry.yarnpkg.com/@node-rs/bcrypt-darwin-x64/-/bcrypt-darwin-x64-1.9.0.tgz#f6b175a6b12c979de490e6c106b2458ff52fc5f0"
  integrity sha512-4pTKGawYd7sNEjdJ7R/R67uwQH1VvwPZ0SSUMmeNHbxD5QlwAPXdDH11q22uzVXsvNFZ6nGQBg8No5OUGpx6Ug==

"@node-rs/bcrypt-freebsd-x64@1.9.0":
  version "1.9.0"
  resolved "https://registry.yarnpkg.com/@node-rs/bcrypt-freebsd-x64/-/bcrypt-freebsd-x64-1.9.0.tgz#b2045f83c1b984e9bd76d7566cfa79c3e645aeff"
  integrity sha512-UmWzySX4BJhT/B8xmTru6iFif3h0Rpx3TqxRLCcbgmH43r7k5/9QuhpiyzpvKGpKHJCFNm4F3rC2wghvw5FCIg==

"@node-rs/bcrypt-linux-arm-gnueabihf@1.9.0":
  version "1.9.0"
  resolved "https://registry.yarnpkg.com/@node-rs/bcrypt-linux-arm-gnueabihf/-/bcrypt-linux-arm-gnueabihf-1.9.0.tgz#946c743f417528dd1ddb0950259b52502e4ab962"
  integrity sha512-8qoX4PgBND2cVwsbajoAWo3NwdfJPEXgpCsZQZURz42oMjbGyhhSYbovBCskGU3EBLoC8RA2B1jFWooeYVn5BA==

"@node-rs/bcrypt-linux-arm64-gnu@1.9.0":
  version "1.9.0"
  resolved "https://registry.yarnpkg.com/@node-rs/bcrypt-linux-arm64-gnu/-/bcrypt-linux-arm64-gnu-1.9.0.tgz#702882f1ff1ac02a18f5bdb0010f6a429ba86445"
  integrity sha512-TuAC6kx0SbcIA4mSEWPi+OCcDjTQUMl213v5gMNlttF+D4ieIZx6pPDGTaMO6M2PDHTeCG0CBzZl0Lu+9b0c7Q==

"@node-rs/bcrypt-linux-arm64-musl@1.9.0":
  version "1.9.0"
  resolved "https://registry.yarnpkg.com/@node-rs/bcrypt-linux-arm64-musl/-/bcrypt-linux-arm64-musl-1.9.0.tgz#207f1d7147d7e31d4fe03d02797f977d5dadebe8"
  integrity sha512-/sIvKDABOI8QOEnLD7hIj02BVaNOuCIWBKvxcJOt8+TuwJ6zmY1UI5kSv9d99WbiHjTp97wtAUbZQwauU4b9ew==

"@node-rs/bcrypt-linux-x64-gnu@1.9.0":
  version "1.9.0"
  resolved "https://registry.yarnpkg.com/@node-rs/bcrypt-linux-x64-gnu/-/bcrypt-linux-x64-gnu-1.9.0.tgz#4557dac7a939eaf24cb0ee1b9688b6d9e105373d"
  integrity sha512-DyyhDHDsLBsCKz1tZ1hLvUZSc1DK0FU0v52jK6IBQxrj24WscSU9zZe7ie/V9kdmA4Ep57BfpWX8Dsa2JxGdgQ==

"@node-rs/bcrypt-linux-x64-musl@1.9.0":
  version "1.9.0"
  resolved "https://registry.yarnpkg.com/@node-rs/bcrypt-linux-x64-musl/-/bcrypt-linux-x64-musl-1.9.0.tgz#c86ad58d70b71f703bbdd90c623f63ca38e2f751"
  integrity sha512-duIiuqQ+Lew8ASSAYm6ZRqcmfBGWwsi81XLUwz86a2HR7Qv6V4yc3ZAUQovAikhjCsIqe8C11JlAZSK6+PlXYg==

"@node-rs/bcrypt-wasm32-wasi@1.9.0":
  version "1.9.0"
  resolved "https://registry.yarnpkg.com/@node-rs/bcrypt-wasm32-wasi/-/bcrypt-wasm32-wasi-1.9.0.tgz#42ae8e2f80e5293d36dee53a14da34a5888ff0e6"
  integrity sha512-ylaGmn9Wjwv/D5lxtawttx3H6Uu2WTTR7lWlRHGT6Ga/MB1Vj4OjSGUW8G8zIVnKuXpGbZ92pgHlt4HUpSLctw==
  dependencies:
    "@emnapi/core" "^0.45.0"
    "@emnapi/runtime" "^0.45.0"
    "@tybys/wasm-util" "^0.8.1"
    memfs-browser "^3.4.13000"

"@node-rs/bcrypt-win32-arm64-msvc@1.9.0":
  version "1.9.0"
  resolved "https://registry.yarnpkg.com/@node-rs/bcrypt-win32-arm64-msvc/-/bcrypt-win32-arm64-msvc-1.9.0.tgz#4e31a59a76b5cb091e69b9548c798ce27908cb82"
  integrity sha512-2h86gF7QFyEzODuDFml/Dp1MSJoZjxJ4yyT2Erf4NkwsiA5MqowUhUsorRwZhX6+2CtlGa7orbwi13AKMsYndw==

"@node-rs/bcrypt-win32-ia32-msvc@1.9.0":
  version "1.9.0"
  resolved "https://registry.yarnpkg.com/@node-rs/bcrypt-win32-ia32-msvc/-/bcrypt-win32-ia32-msvc-1.9.0.tgz#89f23c2f66e578d13526a0b33405332ced6b8348"
  integrity sha512-kqxalCvhs4FkN0+gWWfa4Bdy2NQAkfiqq/CEf6mNXC13RSV673Ev9V8sRlQyNpCHCNkeXfOT9pgoBdJmMs9muA==

"@node-rs/bcrypt-win32-x64-msvc@1.9.0":
  version "1.9.0"
  resolved "https://registry.yarnpkg.com/@node-rs/bcrypt-win32-x64-msvc/-/bcrypt-win32-x64-msvc-1.9.0.tgz#9f061a05d5f2dc360a016081bfaed190b2145c84"
  integrity sha512-2y0Tuo6ZAT2Cz8V7DHulSlv1Bip3zbzeXyeur+uR25IRNYXKvI/P99Zl85Fbuu/zzYAZRLLlGTRe6/9IHofe/w==

"@node-rs/bcrypt@1.9.0":
  version "1.9.0"
  resolved "https://registry.yarnpkg.com/@node-rs/bcrypt/-/bcrypt-1.9.0.tgz#ad1560997939f7c7c4a7500ac272709ce5bde6f6"
  integrity sha512-u2OlIxW264bFUfvbFqDz9HZKFjwe8FHFtn7T/U8mYjPZ7DWYpbUB+/dkW/QgYfMSfR0ejkyuWaBBe0coW7/7ig==
  optionalDependencies:
    "@node-rs/bcrypt-android-arm-eabi" "1.9.0"
    "@node-rs/bcrypt-android-arm64" "1.9.0"
    "@node-rs/bcrypt-darwin-arm64" "1.9.0"
    "@node-rs/bcrypt-darwin-x64" "1.9.0"
    "@node-rs/bcrypt-freebsd-x64" "1.9.0"
    "@node-rs/bcrypt-linux-arm-gnueabihf" "1.9.0"
    "@node-rs/bcrypt-linux-arm64-gnu" "1.9.0"
    "@node-rs/bcrypt-linux-arm64-musl" "1.9.0"
    "@node-rs/bcrypt-linux-x64-gnu" "1.9.0"
    "@node-rs/bcrypt-linux-x64-musl" "1.9.0"
    "@node-rs/bcrypt-wasm32-wasi" "1.9.0"
    "@node-rs/bcrypt-win32-arm64-msvc" "1.9.0"
    "@node-rs/bcrypt-win32-ia32-msvc" "1.9.0"
    "@node-rs/bcrypt-win32-x64-msvc" "1.9.0"

"@swc/counter@^0.1.3":
  version "0.1.3"
  resolved "https://registry.yarnpkg.com/@swc/counter/-/counter-0.1.3.tgz#cc7463bd02949611c6329596fccd2b0ec782b0e9"
  integrity sha512-e2BR4lsJkkRlKZ/qCHPw9ZaSxc0MVUd7gtbtaB7aMvHeJVYe8sOB8DBZkP2DtISHGSku9sCK6T6cnY0CtXrOCQ==

"@swc/helpers@0.5.5":
  version "0.5.5"
  resolved "https://registry.yarnpkg.com/@swc/helpers/-/helpers-0.5.5.tgz#12689df71bfc9b21c4f4ca00ae55f2f16c8b77c0"
  integrity sha512-KGYxvIOXcceOAbEk4bi/dVLEK9z8sZ0uBB3Il5b1rhfClSpcX0yfRO0KmTkqR2cnQDymwLB+25ZyMzICg/cm/A==
  dependencies:
    "@swc/counter" "^0.1.3"
    tslib "^2.4.0"

"@tybys/wasm-util@^0.8.1":
  version "0.8.3"
  resolved "https://registry.yarnpkg.com/@tybys/wasm-util/-/wasm-util-0.8.3.tgz#34dc6fd51bdc03524a27359137594bb15c59bba1"
  integrity sha512-Z96T/L6dUFFxgFJ+pQtkPpne9q7i6kIPYCFnQBHSgSPV9idTsKfIhCss0h5iM9irweZCatkrdeP8yi5uM1eX6Q==
  dependencies:
    tslib "^2.4.0"

base64-js@^1.3.1:
  version "1.5.1"
  resolved "https://registry.yarnpkg.com/base64-js/-/base64-js-1.5.1.tgz#1b1b440160a5bf7ad40b650f095963481903930a"
  integrity sha512-AKpaYlHn8t4SVbOHCy+b5+KKgvR4vrsD8vbvrbiQJps7fKDTkjkDry6ji0rUJjC0kzbNePLwzxq8iypo41qeWA==

better-sqlite3@^9.4.3:
  version "9.6.0"
  resolved "https://registry.yarnpkg.com/better-sqlite3/-/better-sqlite3-9.6.0.tgz#b01e58ba7c48abcdc0383b8301206ee2ab81d271"
  integrity sha512-yR5HATnqeYNVnkaUTf4bOP2dJSnyhP4puJN/QPRyx4YkBEEUxib422n2XzPqDEHjQQqazoYoADdAm5vE15+dAQ==
  dependencies:
    bindings "^1.5.0"
    prebuild-install "^7.1.1"

bindings@^1.5.0:
  version "1.5.0"
  resolved "https://registry.yarnpkg.com/bindings/-/bindings-1.5.0.tgz#10353c9e945334bc0511a6d90b38fbc7c9c504df"
  integrity sha512-p2q/t/mhvuOj/UeLlV6566GD/guowlr0hHxClI0W9m7MWYkL1F0hLo+0Aexs9HSPCtR1SXQ0TD3MMKrXZajbiQ==
  dependencies:
    file-uri-to-path "1.0.0"

bl@^4.0.3:
  version "4.1.0"
  resolved "https://registry.yarnpkg.com/bl/-/bl-4.1.0.tgz#451535264182bec2fbbc83a62ab98cf11d9f7b3a"
  integrity sha512-1W07cM9gS6DcLperZfFSj+bWLtaPGSOHWhPiGzXmvVJbRLdG82sH/Kn8EtW1VqWVA54AKf2h5k5BbnIbwF3h6w==
  dependencies:
    buffer "^5.5.0"
    inherits "^2.0.4"
    readable-stream "^3.4.0"

buffer@^5.5.0:
  version "5.7.1"
  resolved "https://registry.yarnpkg.com/buffer/-/buffer-5.7.1.tgz#ba62e7c13133053582197160851a8f648e99eed0"
  integrity sha512-EHcyIPBQ4BSGlvjB16k5KgAJ27CIsHY/2JBmCRReo48y9rQ3MaUzWX3KVlBa4U7MyX02HdVj0K7C3WaB3ju7FQ==
  dependencies:
    base64-js "^1.3.1"
    ieee754 "^1.1.13"

busboy@1.6.0:
  version "1.6.0"
  resolved "https://registry.yarnpkg.com/busboy/-/busboy-1.6.0.tgz#966ea36a9502e43cdb9146962523b92f531f6893"
  integrity sha512-8SFQbg/0hQ9xy3UNTB0YEnsNBbWfhf7RtnzpL7TkBiTBRfrQ9Fxcnz7VJsleJpyp6rVLvXiuORqjlHi5q+PYuA==
  dependencies:
    streamsearch "^1.1.0"

caniuse-lite@^1.0.30001579:
  version "1.0.30001621"
  resolved "https://registry.yarnpkg.com/caniuse-lite/-/caniuse-lite-1.0.30001621.tgz#4adcb443c8b9c8303e04498318f987616b8fea2e"
  integrity sha512-+NLXZiviFFKX0fk8Piwv3PfLPGtRqJeq2TiNoUff/qB5KJgwecJTvCXDpmlyP/eCI/GUEmp/h/y5j0yckiiZrA==

chownr@^1.1.1:
  version "1.1.4"
  resolved "https://registry.yarnpkg.com/chownr/-/chownr-1.1.4.tgz#6fc9d7b42d32a583596337666e7d08084da2cc6b"
  integrity sha512-jJ0bqzaylmJtVnNgzTeSOs8DPavpbYgEr/b0YL8/2GO3xJEhInFmhKMUnEJQjZumK7KXGFhUy89PrsJWlakBVg==

client-only@0.0.1:
  version "0.0.1"
  resolved "https://registry.yarnpkg.com/client-only/-/client-only-0.0.1.tgz#38bba5d403c41ab150bff64a95c85013cf73bca1"
  integrity sha512-IV3Ou0jSMzZrd3pZ48nLkT9DA7Ag1pnPzaiQhpW7c3RbcqqzvzzVu+L8gfqMp/8IM2MQtSiqaCxrrcfu8I8rMA==

decompress-response@^6.0.0:
  version "6.0.0"
  resolved "https://registry.yarnpkg.com/decompress-response/-/decompress-response-6.0.0.tgz#ca387612ddb7e104bd16d85aab00d5ecf09c66fc"
  integrity sha512-aW35yZM6Bb/4oJlZncMH2LCoZtJXTRxES17vE3hoRiowU2kWHaJKFkSBDnDR+cm9J+9QhXmREyIfv0pji9ejCQ==
  dependencies:
    mimic-response "^3.1.0"

deep-extend@^0.6.0:
  version "0.6.0"
  resolved "https://registry.yarnpkg.com/deep-extend/-/deep-extend-0.6.0.tgz#c4fa7c95404a17a9c3e8ca7e1537312b736330ac"
  integrity sha512-LOHxIOaPYdHlJRtCQfDIVZtfw/ufM8+rVj649RIHzcm/vGwQRXFt6OPqIFWsm2XEMrNIEtWR64sY1LEKD2vAOA==

detect-libc@^2.0.0:
  version "2.0.3"
  resolved "https://registry.yarnpkg.com/detect-libc/-/detect-libc-2.0.3.tgz#f0cd503b40f9939b894697d19ad50895e30cf700"
  integrity sha512-bwy0MGW55bG41VqxxypOsdSdGqLwXPI/focwgTYCFMbdUiBAxLg9CFzG08sz2aqzknwiX7Hkl0bQENjg8iLByw==

end-of-stream@^1.1.0, end-of-stream@^1.4.1:
  version "1.4.4"
  resolved "https://registry.yarnpkg.com/end-of-stream/-/end-of-stream-1.4.4.tgz#5ae64a5f45057baf3626ec14da0ca5e4b2431eb0"
  integrity sha512-+uw1inIHVPQoaVuHzRyXd21icM+cnt4CzD5rW+NC1wjOUSTOs+Te7FOv7AhN7vS9x/oIyhLP5PR1H+phQAHu5Q==
  dependencies:
    once "^1.4.0"

expand-template@^2.0.3:
  version "2.0.3"
  resolved "https://registry.yarnpkg.com/expand-template/-/expand-template-2.0.3.tgz#6e14b3fcee0f3a6340ecb57d2e8918692052a47c"
  integrity sha512-XYfuKMvj4O35f/pOXLObndIRvyQ+/+6AhODh+OKWj9S9498pHHn/IMszH+gt0fBCRWMNfk1ZSp5x3AifmnI2vg==

file-uri-to-path@1.0.0:
  version "1.0.0"
  resolved "https://registry.yarnpkg.com/file-uri-to-path/-/file-uri-to-path-1.0.0.tgz#553a7b8446ff6f684359c445f1e37a05dacc33dd"
  integrity sha512-0Zt+s3L7Vf1biwWZ29aARiVYLx7iMGnEUl9x33fbB/j3jR81u/O2LbqK+Bm1CDSNDKVtJ/YjwY7TUd5SkeLQLw==

fs-constants@^1.0.0:
  version "1.0.0"
  resolved "https://registry.yarnpkg.com/fs-constants/-/fs-constants-1.0.0.tgz#6be0de9be998ce16af8afc24497b9ee9b7ccd9ad"
  integrity sha512-y6OAwoSIf7FyjMIv94u+b5rdheZEjzR63GTyZJm5qh4Bi+2YgwLCcI/fPFZkL5PSixOt6ZNKm+w+Hfp/Bciwow==

fs-monkey@^1.0.4:
  version "1.0.6"
  resolved "https://registry.yarnpkg.com/fs-monkey/-/fs-monkey-1.0.6.tgz#8ead082953e88d992cf3ff844faa907b26756da2"
  integrity sha512-b1FMfwetIKymC0eioW7mTywihSQE4oLzQn1dB6rZB5fx/3NpNEdAWeCSMB+60/AeT0TCXsxzAlcYVEFCTAksWg==

github-from-package@0.0.0:
  version "0.0.0"
  resolved "https://registry.yarnpkg.com/github-from-package/-/github-from-package-0.0.0.tgz#97fb5d96bfde8973313f20e8288ef9a167fa64ce"
  integrity sha512-SyHy3T1v2NUXn29OsWdxmK6RwHD+vkj3v8en8AOBZ1wBQ/hCAQ5bAQTD02kW4W9tUp/3Qh6J8r9EvntiyCmOOw==

graceful-fs@^4.2.11:
  version "4.2.11"
  resolved "https://registry.yarnpkg.com/graceful-fs/-/graceful-fs-4.2.11.tgz#4183e4e8bf08bb6e05bbb2f7d2e0c8f712ca40e3"
  integrity sha512-RbJ5/jmFcNNCcDV5o9eTnBLJ/HszWV0P73bc+Ff4nS/rJj+YaS6IGyiOL0VoBYX+l1Wrl3k63h/KrH+nhJ0XvQ==

ieee754@^1.1.13:
  version "1.2.1"
  resolved "https://registry.yarnpkg.com/ieee754/-/ieee754-1.2.1.tgz#8eb7a10a63fff25d15a57b001586d177d1b0d352"
  integrity sha512-dcyqhDvX1C46lXZcVqCpK+FtMRQVdIMN6/Df5js2zouUsqG7I6sFxitIC+7KYK29KdXOLHdu9zL4sFnoVQnqaA==

inherits@^2.0.3, inherits@^2.0.4:
  version "2.0.4"
  resolved "https://registry.yarnpkg.com/inherits/-/inherits-2.0.4.tgz#0fa2c64f932917c3433a0ded55363aae37416b7c"
  integrity sha512-k/vGaX4/Yla3WzyMCvTQOXYeIHvqOKtnqBduzTHpzpQZzAskKMhZ2K+EnBiSM9zGSoIFeMpXKxa4dYeZIQqewQ==

ini@~1.3.0:
  version "1.3.8"
  resolved "https://registry.yarnpkg.com/ini/-/ini-1.3.8.tgz#a29da425b48806f34767a4efce397269af28432c"
  integrity sha512-JV/yugV2uzW5iMRSiZAyDtQd+nxtUnjeLt0acNdw98kKLrvuRVyB80tsREOE7yvGVgalhZ6RNXCmEHkUKBKxew==

"js-tokens@^3.0.0 || ^4.0.0":
  version "4.0.0"
  resolved "https://registry.yarnpkg.com/js-tokens/-/js-tokens-4.0.0.tgz#19203fb59991df98e3a287050d4647cdeaf32499"
  integrity sha512-RdJUflcE3cUzKiMqQgsCu06FPu9UdIJO0beYbPhHN4k6apgJtifcoCtT9bcxOpYBtpD2kCM6Sbzg4CausW/PKQ==

loose-envify@^1.1.0:
  version "1.4.0"
  resolved "https://registry.yarnpkg.com/loose-envify/-/loose-envify-1.4.0.tgz#71ee51fa7be4caec1a63839f7e682d8132d30caf"
  integrity sha512-lyuxPGr/Wfhrlem2CL/UcnUc1zcqKAImBDzukY7Y5F/yQiNdko6+fRLevlw1HgMySw7f611UIY408EtxRSoK3Q==
  dependencies:
    js-tokens "^3.0.0 || ^4.0.0"

lucia@^3.2.0:
  version "3.2.0"
  resolved "https://registry.yarnpkg.com/lucia/-/lucia-3.2.0.tgz#de041c49fdcda8d370c5c894086b3d9e907e8c9e"
  integrity sha512-eXMxXwk6hqtjRTj4W/x3EnTUtAztLPm0p2N2TEBMDEbakDLXiYnDQ9z/qahjPdPdhPguQc+vwO0/88zIWxlpuw==
  dependencies:
    oslo "1.2.0"

memfs-browser@^3.4.13000:
  version "3.5.10302"
  resolved "https://registry.yarnpkg.com/memfs-browser/-/memfs-browser-3.5.10302.tgz#2067baf616a1b3a8e8023a033e5ead434a7ea0c0"
  integrity sha512-JJTc/nh3ig05O0gBBGZjTCPOyydaTxNF0uHYBrcc1gHNnO+KIHIvo0Y1FKCJsaei6FCl8C6xfQomXqu+cuzkIw==
  dependencies:
    memfs "3.5.3"

memfs@3.5.3:
  version "3.5.3"
  resolved "https://registry.yarnpkg.com/memfs/-/memfs-3.5.3.tgz#d9b40fe4f8d5788c5f895bda804cd0d9eeee9f3b"
  integrity sha512-UERzLsxzllchadvbPs5aolHh65ISpKpM+ccLbOJ8/vvpBKmAWf+la7dXFy7Mr0ySHbdHrFv5kGFCUHHe6GFEmw==
  dependencies:
    fs-monkey "^1.0.4"

mimic-response@^3.1.0:
  version "3.1.0"
  resolved "https://registry.yarnpkg.com/mimic-response/-/mimic-response-3.1.0.tgz#2d1d59af9c1b129815accc2c46a022a5ce1fa3c9"
  integrity sha512-z0yWI+4FDrrweS8Zmt4Ej5HdJmky15+L2e6Wgn3+iK5fWzb6T3fhNFq2+MeTRb064c6Wr4N/wv0DzQTjNzHNGQ==

minimist@^1.2.0, minimist@^1.2.3:
  version "1.2.8"
  resolved "https://registry.yarnpkg.com/minimist/-/minimist-1.2.8.tgz#c1a464e7693302e082a075cee0c057741ac4772c"
  integrity sha512-2yyAR8qBkN3YuheJanUpWC5U3bb5osDywNB8RzDVlDwDHbocAJveqqj1u8+SVD7jkWT4yvsHCpWqqWqAxb0zCA==

mkdirp-classic@^0.5.2, mkdirp-classic@^0.5.3:
  version "0.5.3"
  resolved "https://registry.yarnpkg.com/mkdirp-classic/-/mkdirp-classic-0.5.3.tgz#fa10c9115cc6d8865be221ba47ee9bed78601113"
  integrity sha512-gKLcREMhtuZRwRAfqP3RFW+TK4JqApVBtOIftVgjuABpAtpxhPGaDcfvbhNvD0B8iD1oUr/txX35NjcaY6Ns/A==

nanoid@^3.3.6:
  version "3.3.7"
  resolved "https://registry.yarnpkg.com/nanoid/-/nanoid-3.3.7.tgz#d0c301a691bc8d54efa0a2226ccf3fe2fd656bd8"
  integrity sha512-eSRppjcPIatRIMC1U6UngP8XFcz8MQWGQdt1MTBQ7NaAmvXDfvNxbvWV3x2y6CdEUciCSsDHDQZbhYaB8QEo2g==

napi-build-utils@^1.0.1:
  version "1.0.2"
  resolved "https://registry.yarnpkg.com/napi-build-utils/-/napi-build-utils-1.0.2.tgz#b1fddc0b2c46e380a0b7a76f984dd47c41a13806"
  integrity sha512-ONmRUqK7zj7DWX0D9ADe03wbwOBZxNAfF20PlGfCWQcD3+/MakShIHrMqx9YwPTfxDdF1zLeL+RGZiR9kGMLdg==

next@14.2.3:
  version "14.2.3"
  resolved "https://registry.yarnpkg.com/next/-/next-14.2.3.tgz#f117dd5d5f20c307e7b8e4f9c1c97d961008925d"
  integrity sha512-dowFkFTR8v79NPJO4QsBUtxv0g9BrS/phluVpMAt2ku7H+cbcBJlopXjkWlwxrk/xGqMemr7JkGPGemPrLLX7A==
  dependencies:
    "@next/env" "14.2.3"
    "@swc/helpers" "0.5.5"
    busboy "1.6.0"
    caniuse-lite "^1.0.30001579"
    graceful-fs "^4.2.11"
    postcss "8.4.31"
    styled-jsx "5.1.1"
  optionalDependencies:
    "@next/swc-darwin-arm64" "14.2.3"
    "@next/swc-darwin-x64" "14.2.3"
    "@next/swc-linux-arm64-gnu" "14.2.3"
    "@next/swc-linux-arm64-musl" "14.2.3"
    "@next/swc-linux-x64-gnu" "14.2.3"
    "@next/swc-linux-x64-musl" "14.2.3"
    "@next/swc-win32-arm64-msvc" "14.2.3"
    "@next/swc-win32-ia32-msvc" "14.2.3"
    "@next/swc-win32-x64-msvc" "14.2.3"

node-abi@^3.3.0:
  version "3.62.0"
  resolved "https://registry.yarnpkg.com/node-abi/-/node-abi-3.62.0.tgz#017958ed120f89a3a14a7253da810f5d724e3f36"
  integrity sha512-CPMcGa+y33xuL1E0TcNIu4YyaZCxnnvkVaEXrsosR3FxN+fV8xvb7Mzpb7IgKler10qeMkE6+Dp8qJhpzdq35g==
  dependencies:
    semver "^7.3.5"

once@^1.3.1, once@^1.4.0:
  version "1.4.0"
  resolved "https://registry.yarnpkg.com/once/-/once-1.4.0.tgz#583b1aa775961d4b113ac17d9c50baef9dd76bd1"
  integrity sha512-lNaJgI+2Q5URQBkccEKHTQOPaXdUxnZZElQTZY0MFUAuaEqe1E+Nyvgdz/aIyNi6Z9MzO5dv1H8n58/GELp3+w==
  dependencies:
    wrappy "1"

oslo@1.2.0:
  version "1.2.0"
  resolved "https://registry.yarnpkg.com/oslo/-/oslo-1.2.0.tgz#3d7e3132de725c4ec9ab738445e959bae99e5b2f"
  integrity sha512-OoFX6rDsNcOQVAD2gQD/z03u4vEjWZLzJtwkmgfRF+KpQUXwdgEXErD7zNhyowmHwHefP+PM9Pw13pgpHMRlzw==
  dependencies:
    "@node-rs/argon2" "1.7.0"
    "@node-rs/bcrypt" "1.9.0"

picocolors@^1.0.0:
  version "1.0.1"
  resolved "https://registry.yarnpkg.com/picocolors/-/picocolors-1.0.1.tgz#a8ad579b571952f0e5d25892de5445bcfe25aaa1"
  integrity sha512-anP1Z8qwhkbmu7MFP5iTt+wQKXgwzf7zTyGlcdzabySa9vd0Xt392U0rVmz9poOaBj0uHJKyyo9/upk0HrEQew==

postcss@8.4.31:
  version "8.4.31"
  resolved "https://registry.yarnpkg.com/postcss/-/postcss-8.4.31.tgz#92b451050a9f914da6755af352bdc0192508656d"
  integrity sha512-PS08Iboia9mts/2ygV3eLpY5ghnUcfLV/EXTOW1E2qYxJKGGBUtNjN76FYHnMs36RmARn41bC0AZmn+rR0OVpQ==
  dependencies:
    nanoid "^3.3.6"
    picocolors "^1.0.0"
    source-map-js "^1.0.2"

prebuild-install@^7.1.1:
  version "7.1.2"
  resolved "https://registry.yarnpkg.com/prebuild-install/-/prebuild-install-7.1.2.tgz#a5fd9986f5a6251fbc47e1e5c65de71e68c0a056"
  integrity sha512-UnNke3IQb6sgarcZIDU3gbMeTp/9SSU1DAIkil7PrqG1vZlBtY5msYccSKSHDqa3hNg436IXK+SNImReuA1wEQ==
  dependencies:
    detect-libc "^2.0.0"
    expand-template "^2.0.3"
    github-from-package "0.0.0"
    minimist "^1.2.3"
    mkdirp-classic "^0.5.3"
    napi-build-utils "^1.0.1"
    node-abi "^3.3.0"
    pump "^3.0.0"
    rc "^1.2.7"
    simple-get "^4.0.0"
    tar-fs "^2.0.0"
    tunnel-agent "^0.6.0"

pump@^3.0.0:
  version "3.0.0"
  resolved "https://registry.yarnpkg.com/pump/-/pump-3.0.0.tgz#b4a2116815bde2f4e1ea602354e8c75565107a64"
  integrity sha512-LwZy+p3SFs1Pytd/jYct4wpv49HiYCqd9Rlc5ZVdk0V+8Yzv6jR5Blk3TRmPL1ft69TxP0IMZGJ+WPFU2BFhww==
  dependencies:
    end-of-stream "^1.1.0"
    once "^1.3.1"

rc@^1.2.7:
  version "1.2.8"
  resolved "https://registry.yarnpkg.com/rc/-/rc-1.2.8.tgz#cd924bf5200a075b83c188cd6b9e211b7fc0d3ed"
  integrity sha512-y3bGgqKj3QBdxLbLkomlohkvsA8gdAiUQlSBJnBhfn+BPxg4bc62d8TcBW15wavDfgexCgccckhcZvywyQYPOw==
  dependencies:
    deep-extend "^0.6.0"
    ini "~1.3.0"
    minimist "^1.2.0"
    strip-json-comments "~2.0.1"

react-dom@^18:
  version "18.3.1"
  resolved "https://registry.yarnpkg.com/react-dom/-/react-dom-18.3.1.tgz#c2265d79511b57d479b3dd3fdfa51536494c5cb4"
  integrity sha512-5m4nQKp+rZRb09LNH59GM4BxTh9251/ylbKIbpe7TpGxfJ+9kv6BLkLBXIjjspbgbnIBNqlI23tRnTWT0snUIw==
  dependencies:
    loose-envify "^1.1.0"
    scheduler "^0.23.2"

react@^18:
  version "18.3.1"
  resolved "https://registry.yarnpkg.com/react/-/react-18.3.1.tgz#49ab892009c53933625bd16b2533fc754cab2891"
  integrity sha512-wS+hAgJShR0KhEvPJArfuPVN1+Hz1t0Y6n5jLrGQbkb4urgPE/0Rve+1kMB1v/oWgHgm4WIcV+i7F2pTVj+2iQ==
  dependencies:
    loose-envify "^1.1.0"

readable-stream@^3.1.1, readable-stream@^3.4.0:
  version "3.6.2"
  resolved "https://registry.yarnpkg.com/readable-stream/-/readable-stream-3.6.2.tgz#56a9b36ea965c00c5a93ef31eb111a0f11056967"
  integrity sha512-9u/sniCrY3D5WdsERHzHE4G2YCXqoG5FTHUiCC4SIbr6XcLZBY05ya9EKjYek9O5xOAwjGq+1JdGBAS7Q9ScoA==
  dependencies:
    inherits "^2.0.3"
    string_decoder "^1.1.1"
    util-deprecate "^1.0.1"

safe-buffer@^5.0.1, safe-buffer@~5.2.0:
  version "5.2.1"
  resolved "https://registry.yarnpkg.com/safe-buffer/-/safe-buffer-5.2.1.tgz#1eaf9fa9bdb1fdd4ec75f58f9cdb4e6b7827eec6"
  integrity sha512-rp3So07KcdmmKbGvgaNxQSJr7bGVSVk5S9Eq1F+ppbRo70+YeaDxkw5Dd8NPN+GD6bjnYm2VuPuCXmpuYvmCXQ==

scheduler@^0.23.2:
  version "0.23.2"
  resolved "https://registry.yarnpkg.com/scheduler/-/scheduler-0.23.2.tgz#414ba64a3b282892e944cf2108ecc078d115cdc3"
  integrity sha512-UOShsPwz7NrMUqhR6t0hWjFduvOzbtv7toDH1/hIrfRNIDBnnBWd0CwJTGvTpngVlmwGCdP9/Zl/tVrDqcuYzQ==
  dependencies:
    loose-envify "^1.1.0"

semver@^7.3.5:
  version "7.6.2"
  resolved "https://registry.yarnpkg.com/semver/-/semver-7.6.2.tgz#1e3b34759f896e8f14d6134732ce798aeb0c6e13"
  integrity sha512-FNAIBWCx9qcRhoHcgcJ0gvU7SN1lYU2ZXuSfl04bSC5OpvDHFyJCjdNHomPXxjQlCBU67YW64PzY7/VIEH7F2w==

simple-concat@^1.0.0:
  version "1.0.1"
  resolved "https://registry.yarnpkg.com/simple-concat/-/simple-concat-1.0.1.tgz#f46976082ba35c2263f1c8ab5edfe26c41c9552f"
  integrity sha512-cSFtAPtRhljv69IK0hTVZQ+OfE9nePi/rtJmw5UjHeVyVroEqJXP1sFztKUy1qU+xvz3u/sfYJLa947b7nAN2Q==

simple-get@^4.0.0:
  version "4.0.1"
  resolved "https://registry.yarnpkg.com/simple-get/-/simple-get-4.0.1.tgz#4a39db549287c979d352112fa03fd99fd6bc3543"
  integrity sha512-brv7p5WgH0jmQJr1ZDDfKDOSeWWg+OVypG99A/5vYGPqJ6pxiaHLy8nxtFjBA7oMa01ebA9gfh1uMCFqOuXxvA==
  dependencies:
    decompress-response "^6.0.0"
    once "^1.3.1"
    simple-concat "^1.0.0"

source-map-js@^1.0.2:
  version "1.2.0"
  resolved "https://registry.yarnpkg.com/source-map-js/-/source-map-js-1.2.0.tgz#16b809c162517b5b8c3e7dcd315a2a5c2612b2af"
  integrity sha512-itJW8lvSA0TXEphiRoawsCksnlf8SyvmFzIhltqAHluXd88pkCd+cXJVHTDwdCr0IzwptSm035IHQktUu1QUMg==

streamsearch@^1.1.0:
  version "1.1.0"
  resolved "https://registry.yarnpkg.com/streamsearch/-/streamsearch-1.1.0.tgz#404dd1e2247ca94af554e841a8ef0eaa238da764"
  integrity sha512-Mcc5wHehp9aXz1ax6bZUyY5afg9u2rv5cqQI3mRrYkGC8rW2hM02jWuwjtL++LS5qinSyhj2QfLyNsuc+VsExg==

string_decoder@^1.1.1:
  version "1.3.0"
  resolved "https://registry.yarnpkg.com/string_decoder/-/string_decoder-1.3.0.tgz#42f114594a46cf1a8e30b0a84f56c78c3edac21e"
  integrity sha512-hkRX8U1WjJFd8LsDJ2yQ/wWWxaopEsABU1XfkM8A+j0+85JAGppt16cr1Whg6KIbb4okU6Mql6BOj+uup/wKeA==
  dependencies:
    safe-buffer "~5.2.0"

strip-json-comments@~2.0.1:
  version "2.0.1"
  resolved "https://registry.yarnpkg.com/strip-json-comments/-/strip-json-comments-2.0.1.tgz#3c531942e908c2697c0ec344858c286c7ca0a60a"
  integrity sha512-4gB8na07fecVVkOI6Rs4e7T6NOTki5EmL7TUduTs6bu3EdnSycntVJ4re8kgZA+wx9IueI2Y11bfbgwtzuE0KQ==

styled-jsx@5.1.1:
  version "5.1.1"
  resolved "https://registry.yarnpkg.com/styled-jsx/-/styled-jsx-5.1.1.tgz#839a1c3aaacc4e735fed0781b8619ea5d0009d1f"
  integrity sha512-pW7uC1l4mBZ8ugbiZrcIsiIvVx1UmTfw7UkC3Um2tmfUq9Bhk8IiyEIPl6F8agHgjzku6j0xQEZbfA5uSgSaCw==
  dependencies:
    client-only "0.0.1"

tar-fs@^2.0.0:
  version "2.1.1"
  resolved "https://registry.yarnpkg.com/tar-fs/-/tar-fs-2.1.1.tgz#489a15ab85f1f0befabb370b7de4f9eb5cbe8784"
  integrity sha512-V0r2Y9scmbDRLCNex/+hYzvp/zyYjvFbHPNgVTKfQvVrb6guiE/fxP+XblDNR011utopbkex2nM4dHNV6GDsng==
  dependencies:
    chownr "^1.1.1"
    mkdirp-classic "^0.5.2"
    pump "^3.0.0"
    tar-stream "^2.1.4"

tar-stream@^2.1.4:
  version "2.2.0"
  resolved "https://registry.yarnpkg.com/tar-stream/-/tar-stream-2.2.0.tgz#acad84c284136b060dc3faa64474aa9aebd77287"
  integrity sha512-ujeqbceABgwMZxEJnk2HDY2DlnUZ+9oEcb1KzTVfYHio0UE6dG71n60d8D2I4qNvleWrrXpmjpt7vZeF1LnMZQ==
  dependencies:
    bl "^4.0.3"
    end-of-stream "^1.4.1"
    fs-constants "^1.0.0"
    inherits "^2.0.3"
    readable-stream "^3.1.1"

tslib@^2.4.0:
  version "2.6.2"
  resolved "https://registry.yarnpkg.com/tslib/-/tslib-2.6.2.tgz#703ac29425e7b37cd6fd456e92404d46d1f3e4ae"
  integrity sha512-AEYxH93jGFPn/a2iVAwW87VuUIkR1FVUKB77NwMF7nBTDkDrrT/Hpt/IrCJ0QXhW27jTBDcf5ZY7w6RiqTMw2Q==

tunnel-agent@^0.6.0:
  version "0.6.0"
  resolved "https://registry.yarnpkg.com/tunnel-agent/-/tunnel-agent-0.6.0.tgz#27a5dea06b36b04a0a9966774b290868f0fc40fd"
  integrity sha512-McnNiV1l8RYeY8tBgEpuodCC1mLUdbSN+CYBL7kJsJNInOP8UjDDEwdk6Mw60vdLLrr5NHKZhMAOSrR2NZuQ+w==
  dependencies:
    safe-buffer "^5.0.1"

util-deprecate@^1.0.1:
  version "1.0.2"
  resolved "https://registry.yarnpkg.com/util-deprecate/-/util-deprecate-1.0.2.tgz#450d4dc9fa70de732762fbd2d4a28981419a0ccf"
  integrity sha512-EPD5q1uXyFxJpCrLnCc1nHnq3gOa6DZBocAIiI2TaSCA7VCJ1UJDMagCzIkXNsUYfD1daK//LTEQ8xiIbrHtcw==

wrappy@1:
  version "1.0.2"
  resolved "https://registry.yarnpkg.com/wrappy/-/wrappy-1.0.2.tgz#b5243d8f3ec1aa35f1364605bc0d1036e30ab69f"
  integrity sha512-l4Sp/DRseor9wL6EvV2+TuQn63dMkPjZ/sp9XkghTEbV9KlPS1xUsZ3u7/IQO4wxtcFB4bgpQPRcR3QCvezPcQ==
